// !$*UTF8*$!
{
	archiveVersion = 1;
	classes = {
	};
	objectVersion = 50;
	objects = {

/* Begin PBXBuildFile section */
		730983E322232961000D015B /* AppDelegate.swift in Sources */ = {isa = PBXBuildFile; fileRef = 730983E222232961000D015B /* AppDelegate.swift */; };
		730983E522232961000D015B /* ViewController.swift in Sources */ = {isa = PBXBuildFile; fileRef = 730983E422232961000D015B /* ViewController.swift */; };
		730983E822232961000D015B /* Main.storyboard in Resources */ = {isa = PBXBuildFile; fileRef = 730983E622232961000D015B /* Main.storyboard */; };
		730983EA22232963000D015B /* Assets.xcassets in Resources */ = {isa = PBXBuildFile; fileRef = 730983E922232963000D015B /* Assets.xcassets */; };
		730983ED22232963000D015B /* LaunchScreen.storyboard in Resources */ = {isa = PBXBuildFile; fileRef = 730983EB22232963000D015B /* LaunchScreen.storyboard */; };
		730983F822232963000D015B /* SetTests.swift in Sources */ = {isa = PBXBuildFile; fileRef = 730983F722232963000D015B /* SetTests.swift */; };
		7309840322232963000D015B /* SetUITests.swift in Sources */ = {isa = PBXBuildFile; fileRef = 7309840222232963000D015B /* SetUITests.swift */; };
		730BB82F22232DFD005AA634 /* Card.swift in Sources */ = {isa = PBXBuildFile; fileRef = 730BB82E22232DFD005AA634 /* Card.swift */; };
		730BB8312223372C005AA634 /* Set.swift in Sources */ = {isa = PBXBuildFile; fileRef = 730BB8302223372C005AA634 /* Set.swift */; };
/* End PBXBuildFile section */

/* Begin PBXContainerItemProxy section */
		730983F422232963000D015B /* PBXContainerItemProxy */ = {
			isa = PBXContainerItemProxy;
			containerPortal = 730983D722232961000D015B /* Project object */;
			proxyType = 1;
			remoteGlobalIDString = 730983DE22232961000D015B;
			remoteInfo = Set;
		};
		730983FF22232963000D015B /* PBXContainerItemProxy */ = {
			isa = PBXContainerItemProxy;
			containerPortal = 730983D722232961000D015B /* Project object */;
			proxyType = 1;
			remoteGlobalIDString = 730983DE22232961000D015B;
			remoteInfo = Set;
		};
/* End PBXContainerItemProxy section */

/* Begin PBXFileReference section */
		730983DF22232961000D015B /* Set.app */ = {isa = PBXFileReference; explicitFileType = wrapper.application; includeInIndex = 0; path = Set.app; sourceTree = BUILT_PRODUCTS_DIR; };
		730983E222232961000D015B /* AppDelegate.swift */ = {isa = PBXFileReference; lastKnownFileType = sourcecode.swift; path = AppDelegate.swift; sourceTree = "<group>"; };
		730983E422232961000D015B /* ViewController.swift */ = {isa = PBXFileReference; lastKnownFileType = sourcecode.swift; path = ViewController.swift; sourceTree = "<group>"; };
		730983E722232961000D015B /* Base */ = {isa = PBXFileReference; lastKnownFileType = file.storyboard; name = Base; path = Base.lproj/Main.storyboard; sourceTree = "<group>"; };
		730983E922232963000D015B /* Assets.xcassets */ = {isa = PBXFileReference; lastKnownFileType = folder.assetcatalog; path = Assets.xcassets; sourceTree = "<group>"; };
		730983EC22232963000D015B /* Base */ = {isa = PBXFileReference; lastKnownFileType = file.storyboard; name = Base; path = Base.lproj/LaunchScreen.storyboard; sourceTree = "<group>"; };
		730983EE22232963000D015B /* Info.plist */ = {isa = PBXFileReference; lastKnownFileType = text.plist.xml; path = Info.plist; sourceTree = "<group>"; };
		730983F322232963000D015B /* SetTests.xctest */ = {isa = PBXFileReference; explicitFileType = wrapper.cfbundle; includeInIndex = 0; path = SetTests.xctest; sourceTree = BUILT_PRODUCTS_DIR; };
		730983F722232963000D015B /* SetTests.swift */ = {isa = PBXFileReference; lastKnownFileType = sourcecode.swift; path = SetTests.swift; sourceTree = "<group>"; };
		730983F922232963000D015B /* Info.plist */ = {isa = PBXFileReference; lastKnownFileType = text.plist.xml; path = Info.plist; sourceTree = "<group>"; };
		730983FE22232963000D015B /* SetUITests.xctest */ = {isa = PBXFileReference; explicitFileType = wrapper.cfbundle; includeInIndex = 0; path = SetUITests.xctest; sourceTree = BUILT_PRODUCTS_DIR; };
		7309840222232963000D015B /* SetUITests.swift */ = {isa = PBXFileReference; lastKnownFileType = sourcecode.swift; path = SetUITests.swift; sourceTree = "<group>"; };
		7309840422232963000D015B /* Info.plist */ = {isa = PBXFileReference; lastKnownFileType = text.plist.xml; path = Info.plist; sourceTree = "<group>"; };
		730BB82E22232DFD005AA634 /* Card.swift */ = {isa = PBXFileReference; lastKnownFileType = sourcecode.swift; path = Card.swift; sourceTree = "<group>"; };
		730BB8302223372C005AA634 /* Set.swift */ = {isa = PBXFileReference; lastKnownFileType = sourcecode.swift; path = Set.swift; sourceTree = "<group>"; };
/* End PBXFileReference section */

/* Begin PBXFrameworksBuildPhase section */
		730983DC22232961000D015B /* Frameworks */ = {
			isa = PBXFrameworksBuildPhase;
			buildActionMask = 2147483647;
			files = (
			);
			runOnlyForDeploymentPostprocessing = 0;
		};
		730983F022232963000D015B /* Frameworks */ = {
			isa = PBXFrameworksBuildPhase;
			buildActionMask = 2147483647;
			files = (
			);
			runOnlyForDeploymentPostprocessing = 0;
		};
		730983FB22232963000D015B /* Frameworks */ = {
			isa = PBXFrameworksBuildPhase;
			buildActionMask = 2147483647;
			files = (
			);
			runOnlyForDeploymentPostprocessing = 0;
		};
/* End PBXFrameworksBuildPhase section */

/* Begin PBXGroup section */
		730983D622232961000D015B = {
			isa = PBXGroup;
			children = (
				730983E122232961000D015B /* Set */,
				730983F622232963000D015B /* SetTests */,
				7309840122232963000D015B /* SetUITests */,
				730983E022232961000D015B /* Products */,
			);
			sourceTree = "<group>";
		};
		730983E022232961000D015B /* Products */ = {
			isa = PBXGroup;
			children = (
				730983DF22232961000D015B /* Set.app */,
				730983F322232963000D015B /* SetTests.xctest */,
				730983FE22232963000D015B /* SetUITests.xctest */,
			);
			name = Products;
			sourceTree = "<group>";
		};
		730983E122232961000D015B /* Set */ = {
			isa = PBXGroup;
			children = (
				730BB82D22232D36005AA634 /* Supporting Files */,
				730983E422232961000D015B /* ViewController.swift */,
				730983E622232961000D015B /* Main.storyboard */,
				730983EE22232963000D015B /* Info.plist */,
				730BB82E22232DFD005AA634 /* Card.swift */,
				730BB8302223372C005AA634 /* Set.swift */,
			);
			path = Set;
			sourceTree = "<group>";
		};
		730983F622232963000D015B /* SetTests */ = {
			isa = PBXGroup;
			children = (
				730983F722232963000D015B /* SetTests.swift */,
				730983F922232963000D015B /* Info.plist */,
			);
			path = SetTests;
			sourceTree = "<group>";
		};
		7309840122232963000D015B /* SetUITests */ = {
			isa = PBXGroup;
			children = (
				7309840222232963000D015B /* SetUITests.swift */,
				7309840422232963000D015B /* Info.plist */,
			);
			path = SetUITests;
			sourceTree = "<group>";
		};
		730BB82D22232D36005AA634 /* Supporting Files */ = {
			isa = PBXGroup;
			children = (
				730983E222232961000D015B /* AppDelegate.swift */,
				730983E922232963000D015B /* Assets.xcassets */,
				730983EB22232963000D015B /* LaunchScreen.storyboard */,
			);
			path = "Supporting Files";
			sourceTree = "<group>";
		};
/* End PBXGroup section */

/* Begin PBXNativeTarget section */
		730983DE22232961000D015B /* Set */ = {
			isa = PBXNativeTarget;
			buildConfigurationList = 7309840722232963000D015B /* Build configuration list for PBXNativeTarget "Set" */;
			buildPhases = (
				730983DB22232961000D015B /* Sources */,
				730983DC22232961000D015B /* Frameworks */,
				730983DD22232961000D015B /* Resources */,
			);
			buildRules = (
			);
			dependencies = (
			);
			name = Set;
			productName = Set;
			productReference = 730983DF22232961000D015B /* Set.app */;
			productType = "com.apple.product-type.application";
		};
		730983F222232963000D015B /* SetTests */ = {
			isa = PBXNativeTarget;
			buildConfigurationList = 7309840A22232963000D015B /* Build configuration list for PBXNativeTarget "SetTests" */;
			buildPhases = (
				730983EF22232963000D015B /* Sources */,
				730983F022232963000D015B /* Frameworks */,
				730983F122232963000D015B /* Resources */,
			);
			buildRules = (
			);
			dependencies = (
				730983F522232963000D015B /* PBXTargetDependency */,
			);
			name = SetTests;
			productName = SetTests;
			productReference = 730983F322232963000D015B /* SetTests.xctest */;
			productType = "com.apple.product-type.bundle.unit-test";
		};
		730983FD22232963000D015B /* SetUITests */ = {
			isa = PBXNativeTarget;
			buildConfigurationList = 7309840D22232963000D015B /* Build configuration list for PBXNativeTarget "SetUITests" */;
			buildPhases = (
				730983FA22232963000D015B /* Sources */,
				730983FB22232963000D015B /* Frameworks */,
				730983FC22232963000D015B /* Resources */,
			);
			buildRules = (
			);
			dependencies = (
				7309840022232963000D015B /* PBXTargetDependency */,
			);
			name = SetUITests;
			productName = SetUITests;
			productReference = 730983FE22232963000D015B /* SetUITests.xctest */;
			productType = "com.apple.product-type.bundle.ui-testing";
		};
/* End PBXNativeTarget section */

/* Begin PBXProject section */
		730983D722232961000D015B /* Project object */ = {
			isa = PBXProject;
			attributes = {
				LastSwiftUpdateCheck = 1010;
				LastUpgradeCheck = 1010;
				ORGANIZATIONNAME = "Juan Castillo";
				TargetAttributes = {
					730983DE22232961000D015B = {
						CreatedOnToolsVersion = 10.1;
					};
					730983F222232963000D015B = {
						CreatedOnToolsVersion = 10.1;
						TestTargetID = 730983DE22232961000D015B;
					};
					730983FD22232963000D015B = {
						CreatedOnToolsVersion = 10.1;
						TestTargetID = 730983DE22232961000D015B;
					};
				};
			};
			buildConfigurationList = 730983DA22232961000D015B /* Build configuration list for PBXProject "Set" */;
			compatibilityVersion = "Xcode 9.3";
			developmentRegion = en;
			hasScannedForEncodings = 0;
			knownRegions = (
				en,
				Base,
			);
			mainGroup = 730983D622232961000D015B;
			productRefGroup = 730983E022232961000D015B /* Products */;
			projectDirPath = "";
			projectRoot = "";
			targets = (
				730983DE22232961000D015B /* Set */,
				730983F222232963000D015B /* SetTests */,
				730983FD22232963000D015B /* SetUITests */,
			);
		};
/* End PBXProject section */

/* Begin PBXResourcesBuildPhase section */
		730983DD22232961000D015B /* Resources */ = {
			isa = PBXResourcesBuildPhase;
			buildActionMask = 2147483647;
			files = (
				730983ED22232963000D015B /* LaunchScreen.storyboard in Resources */,
				730983EA22232963000D015B /* Assets.xcassets in Resources */,
				730983E822232961000D015B /* Main.storyboard in Resources */,
			);
			runOnlyForDeploymentPostprocessing = 0;
		};
		730983F122232963000D015B /* Resources */ = {
			isa = PBXResourcesBuildPhase;
			buildActionMask = 2147483647;
			files = (
			);
			runOnlyForDeploymentPostprocessing = 0;
		};
		730983FC22232963000D015B /* Resources */ = {
			isa = PBXResourcesBuildPhase;
			buildActionMask = 2147483647;
			files = (
			);
			runOnlyForDeploymentPostprocessing = 0;
		};
/* End PBXResourcesBuildPhase section */

/* Begin PBXSourcesBuildPhase section */
		730983DB22232961000D015B /* Sources */ = {
			isa = PBXSourcesBuildPhase;
			buildActionMask = 2147483647;
			files = (
				730BB8312223372C005AA634 /* Set.swift in Sources */,
				730983E522232961000D015B /* ViewController.swift in Sources */,
				730BB82F22232DFD005AA634 /* Card.swift in Sources */,
				730983E322232961000D015B /* AppDelegate.swift in Sources */,
			);
			runOnlyForDeploymentPostprocessing = 0;
		};
		730983EF22232963000D015B /* Sources */ = {
			isa = PBXSourcesBuildPhase;
			buildActionMask = 2147483647;
			files = (
				730983F822232963000D015B /* SetTests.swift in Sources */,
			);
			runOnlyForDeploymentPostprocessing = 0;
		};
		730983FA22232963000D015B /* Sources */ = {
			isa = PBXSourcesBuildPhase;
			buildActionMask = 2147483647;
			files = (
				7309840322232963000D015B /* SetUITests.swift in Sources */,
			);
			runOnlyForDeploymentPostprocessing = 0;
		};
/* End PBXSourcesBuildPhase section */

/* Begin PBXTargetDependency section */
		730983F522232963000D015B /* PBXTargetDependency */ = {
			isa = PBXTargetDependency;
			target = 730983DE22232961000D015B /* Set */;
			targetProxy = 730983F422232963000D015B /* PBXContainerItemProxy */;
		};
		7309840022232963000D015B /* PBXTargetDependency */ = {
			isa = PBXTargetDependency;
			target = 730983DE22232961000D015B /* Set */;
			targetProxy = 730983FF22232963000D015B /* PBXContainerItemProxy */;
		};
/* End PBXTargetDependency section */

/* Begin PBXVariantGroup section */
		730983E622232961000D015B /* Main.storyboard */ = {
			isa = PBXVariantGroup;
			children = (
				730983E722232961000D015B /* Base */,
			);
			name = Main.storyboard;
			sourceTree = "<group>";
		};
		730983EB22232963000D015B /* LaunchScreen.storyboard */ = {
			isa = PBXVariantGroup;
			children = (
				730983EC22232963000D015B /* Base */,
			);
			name = LaunchScreen.storyboard;
			sourceTree = "<group>";
		};
/* End PBXVariantGroup section */

/* Begin XCBuildConfiguration section */
		7309840522232963000D015B /* Debug */ = {
			isa = XCBuildConfiguration;
			buildSettings = {
				ALWAYS_SEARCH_USER_PATHS = NO;
				CLANG_ANALYZER_NONNULL = YES;
				CLANG_ANALYZER_NUMBER_OBJECT_CONVERSION = YES_AGGRESSIVE;
				CLANG_CXX_LANGUAGE_STANDARD = "gnu++14";
				CLANG_CXX_LIBRARY = "libc++";
				CLANG_ENABLE_MODULES = YES;
				CLANG_ENABLE_OBJC_ARC = YES;
				CLANG_ENABLE_OBJC_WEAK = YES;
				CLANG_WARN_BLOCK_CAPTURE_AUTORELEASING = YES;
				CLANG_WARN_BOOL_CONVERSION = YES;
				CLANG_WARN_COMMA = YES;
				CLANG_WARN_CONSTANT_CONVERSION = YES;
				CLANG_WARN_DEPRECATED_OBJC_IMPLEMENTATIONS = YES;
				CLANG_WARN_DIRECT_OBJC_ISA_USAGE = YES_ERROR;
				CLANG_WARN_DOCUMENTATION_COMMENTS = YES;
				CLANG_WARN_EMPTY_BODY = YES;
				CLANG_WARN_ENUM_CONVERSION = YES;
				CLANG_WARN_INFINITE_RECURSION = YES;
				CLANG_WARN_INT_CONVERSION = YES;
				CLANG_WARN_NON_LITERAL_NULL_CONVERSION = YES;
				CLANG_WARN_OBJC_IMPLICIT_RETAIN_SELF = YES;
				CLANG_WARN_OBJC_LITERAL_CONVERSION = YES;
				CLANG_WARN_OBJC_ROOT_CLASS = YES_ERROR;
				CLANG_WARN_RANGE_LOOP_ANALYSIS = YES;
				CLANG_WARN_STRICT_PROTOTYPES = YES;
				CLANG_WARN_SUSPICIOUS_MOVE = YES;
				CLANG_WARN_UNGUARDED_AVAILABILITY = YES_AGGRESSIVE;
				CLANG_WARN_UNREACHABLE_CODE = YES;
				CLANG_WARN__DUPLICATE_METHOD_MATCH = YES;
				CODE_SIGN_IDENTITY = "iPhone Developer";
				COPY_PHASE_STRIP = NO;
				DEBUG_INFORMATION_FORMAT = dwarf;
				ENABLE_STRICT_OBJC_MSGSEND = YES;
				ENABLE_TESTABILITY = YES;
				GCC_C_LANGUAGE_STANDARD = gnu11;
				GCC_DYNAMIC_NO_PIC = NO;
				GCC_NO_COMMON_BLOCKS = YES;
				GCC_OPTIMIZATION_LEVEL = 0;
				GCC_PREPROCESSOR_DEFINITIONS = (
					"DEBUG=1",
					"$(inherited)",
				);
				GCC_WARN_64_TO_32_BIT_CONVERSION = YES;
				GCC_WARN_ABOUT_RETURN_TYPE = YES_ERROR;
				GCC_WARN_UNDECLARED_SELECTOR = YES;
				GCC_WARN_UNINITIALIZED_AUTOS = YES_AGGRESSIVE;
				GCC_WARN_UNUSED_FUNCTION = YES;
				GCC_WARN_UNUSED_VARIABLE = YES;
				IPHONEOS_DEPLOYMENT_TARGET = 12.1;
				MTL_ENABLE_DEBUG_INFO = INCLUDE_SOURCE;
				MTL_FAST_MATH = YES;
				ONLY_ACTIVE_ARCH = YES;
				SDKROOT = iphoneos;
				SWIFT_ACTIVE_COMPILATION_CONDITIONS = DEBUG;
				SWIFT_OPTIMIZATION_LEVEL = "-Onone";
			};
			name = Debug;
		};
		7309840622232963000D015B /* Release */ = {
			isa = XCBuildConfiguration;
			buildSettings = {
				ALWAYS_SEARCH_USER_PATHS = NO;
				CLANG_ANALYZER_NONNULL = YES;
				CLANG_ANALYZER_NUMBER_OBJECT_CONVERSION = YES_AGGRESSIVE;
				CLANG_CXX_LANGUAGE_STANDARD = "gnu++14";
				CLANG_CXX_LIBRARY = "libc++";
				CLANG_ENABLE_MODULES = YES;
				CLANG_ENABLE_OBJC_ARC = YES;
				CLANG_ENABLE_OBJC_WEAK = YES;
				CLANG_WARN_BLOCK_CAPTURE_AUTORELEASING = YES;
				CLANG_WARN_BOOL_CONVERSION = YES;
				CLANG_WARN_COMMA = YES;
				CLANG_WARN_CONSTANT_CONVERSION = YES;
				CLANG_WARN_DEPRECATED_OBJC_IMPLEMENTATIONS = YES;
				CLANG_WARN_DIRECT_OBJC_ISA_USAGE = YES_ERROR;
				CLANG_WARN_DOCUMENTATION_COMMENTS = YES;
				CLANG_WARN_EMPTY_BODY = YES;
				CLANG_WARN_ENUM_CONVERSION = YES;
				CLANG_WARN_INFINITE_RECURSION = YES;
				CLANG_WARN_INT_CONVERSION = YES;
				CLANG_WARN_NON_LITERAL_NULL_CONVERSION = YES;
				CLANG_WARN_OBJC_IMPLICIT_RETAIN_SELF = YES;
				CLANG_WARN_OBJC_LITERAL_CONVERSION = YES;
				CLANG_WARN_OBJC_ROOT_CLASS = YES_ERROR;
				CLANG_WARN_RANGE_LOOP_ANALYSIS = YES;
				CLANG_WARN_STRICT_PROTOTYPES = YES;
				CLANG_WARN_SUSPICIOUS_MOVE = YES;
				CLANG_WARN_UNGUARDED_AVAILABILITY = YES_AGGRESSIVE;
				CLANG_WARN_UNREACHABLE_CODE = YES;
				CLANG_WARN__DUPLICATE_METHOD_MATCH = YES;
				CODE_SIGN_IDENTITY = "iPhone Developer";
				COPY_PHASE_STRIP = NO;
				DEBUG_INFORMATION_FORMAT = "dwarf-with-dsym";
				ENABLE_NS_ASSERTIONS = NO;
				ENABLE_STRICT_OBJC_MSGSEND = YES;
				GCC_C_LANGUAGE_STANDARD = gnu11;
				GCC_NO_COMMON_BLOCKS = YES;
				GCC_WARN_64_TO_32_BIT_CONVERSION = YES;
				GCC_WARN_ABOUT_RETURN_TYPE = YES_ERROR;
				GCC_WARN_UNDECLARED_SELECTOR = YES;
				GCC_WARN_UNINITIALIZED_AUTOS = YES_AGGRESSIVE;
				GCC_WARN_UNUSED_FUNCTION = YES;
				GCC_WARN_UNUSED_VARIABLE = YES;
				IPHONEOS_DEPLOYMENT_TARGET = 12.1;
				MTL_ENABLE_DEBUG_INFO = NO;
				MTL_FAST_MATH = YES;
				SDKROOT = iphoneos;
				SWIFT_COMPILATION_MODE = wholemodule;
				SWIFT_OPTIMIZATION_LEVEL = "-O";
				VALIDATE_PRODUCT = YES;
			};
			name = Release;
		};
		7309840822232963000D015B /* Debug */ = {
			isa = XCBuildConfiguration;
			buildSettings = {
				ASSETCATALOG_COMPILER_APPICON_NAME = AppIcon;
				CODE_SIGN_STYLE = Automatic;
				DEVELOPMENT_TEAM = 6WA6Y7KBQJ;
				INFOPLIST_FILE = Set/Info.plist;
				LD_RUNPATH_SEARCH_PATHS = (
					"$(inherited)",
					"@executable_path/Frameworks",
				);
				PRODUCT_BUNDLE_IDENTIFIER = com.juancastillom.Set;
				PRODUCT_NAME = "$(TARGET_NAME)";
				SWIFT_VERSION = 4.2;
				TARGETED_DEVICE_FAMILY = "1,2";
			};
			name = Debug;
		};
		7309840922232963000D015B /* Release */ = {
			isa = XCBuildConfiguration;
			buildSettings = {
				ASSETCATALOG_COMPILER_APPICON_NAME = AppIcon;
				CODE_SIGN_STYLE = Automatic;
				DEVELOPMENT_TEAM = 6WA6Y7KBQJ;
				INFOPLIST_FILE = Set/Info.plist;
				LD_RUNPATH_SEARCH_PATHS = (
					"$(inherited)",
					"@executable_path/Frameworks",
				);
				PRODUCT_BUNDLE_IDENTIFIER = com.juancastillom.Set;
				PRODUCT_NAME = "$(TARGET_NAME)";
				SWIFT_VERSION = 4.2;
				TARGETED_DEVICE_FAMILY = "1,2";
			};
			name = Release;
		};
		7309840B22232963000D015B /* Debug */ = {
			isa = XCBuildConfiguration;
			buildSettings = {
				ALWAYS_EMBED_SWIFT_STANDARD_LIBRARIES = YES;
				BUNDLE_LOADER = "$(TEST_HOST)";
				CODE_SIGN_STYLE = Automatic;
				INFOPLIST_FILE = SetTests/Info.plist;
				LD_RUNPATH_SEARCH_PATHS = (
					"$(inherited)",
					"@executable_path/Frameworks",
					"@loader_path/Frameworks",
				);
				PRODUCT_BUNDLE_IDENTIFIER = com.juancastillom.SetTests;
				PRODUCT_NAME = "$(TARGET_NAME)";
				SWIFT_VERSION = 4.2;
				TARGETED_DEVICE_FAMILY = "1,2";
				TEST_HOST = "$(BUILT_PRODUCTS_DIR)/Set.app/Set";
			};
			name = Debug;
		};
		7309840C22232963000D015B /* Release */ = {
			isa = XCBuildConfiguration;
			buildSettings = {
				ALWAYS_EMBED_SWIFT_STANDARD_LIBRARIES = YES;
				BUNDLE_LOADER = "$(TEST_HOST)";
				CODE_SIGN_STYLE = Automatic;
				INFOPLIST_FILE = SetTests/Info.plist;
				LD_RUNPATH_SEARCH_PATHS = (
					"$(inherited)",
					"@executable_path/Frameworks",
					"@loader_path/Frameworks",
				);
				PRODUCT_BUNDLE_IDENTIFIER = com.juancastillom.SetTests;
				PRODUCT_NAME = "$(TARGET_NAME)";
				SWIFT_VERSION = 4.2;
				TARGETED_DEVICE_FAMILY = "1,2";
				TEST_HOST = "$(BUILT_PRODUCTS_DIR)/Set.app/Set";
			};
			name = Release;
		};
		7309840E22232963000D015B /* Debug */ = {
			isa = XCBuildConfiguration;
			buildSettings = {
				ALWAYS_EMBED_SWIFT_STANDARD_LIBRARIES = YES;
				CODE_SIGN_STYLE = Automatic;
				INFOPLIST_FILE = SetUITests/Info.plist;
				LD_RUNPATH_SEARCH_PATHS = (
					"$(inherited)",
					"@executable_path/Frameworks",
					"@loader_path/Frameworks",
				);
				PRODUCT_BUNDLE_IDENTIFIER = com.juancastillom.SetUITests;
				PRODUCT_NAME = "$(TARGET_NAME)";
				SWIFT_VERSION = 4.2;
				TARGETED_DEVICE_FAMILY = "1,2";
				TEST_TARGET_NAME = Set;
			};
			name = Debug;
		};
		7309840F22232963000D015B /* Release */ = {
			isa = XCBuildConfiguration;
			buildSettings = {
				ALWAYS_EMBED_SWIFT_STANDARD_LIBRARIES = YES;
				CODE_SIGN_STYLE = Automatic;
				INFOPLIST_FILE = SetUITests/Info.plist;
				LD_RUNPATH_SEARCH_PATHS = (
					"$(inherited)",
					"@executable_path/Frameworks",
					"@loader_path/Frameworks",
				);
				PRODUCT_BUNDLE_IDENTIFIER = com.juancastillom.SetUITests;
				PRODUCT_NAME = "$(TARGET_NAME)";
				SWIFT_VERSION = 4.2;
				TARGETED_DEVICE_FAMILY = "1,2";
				TEST_TARGET_NAME = Set;
			};
			name = Release;
		};
/* End XCBuildConfiguration section */

/* Begin XCConfigurationList section */
		730983DA22232961000D015B /* Build configuration list for PBXProject "Set" */ = {
			isa = XCConfigurationList;
			buildConfigurations = (
				7309840522232963000D015B /* Debug */,
				7309840622232963000D015B /* Release */,
			);
			defaultConfigurationIsVisible = 0;
			defaultConfigurationName = Release;
		};
		7309840722232963000D015B /* Build configuration list for PBXNativeTarget "Set" */ = {
			isa = XCConfigurationList;
			buildConfigurations = (
				7309840822232963000D015B /* Debug */,
				7309840922232963000D015B /* Release */,
			);
			defaultConfigurationIsVisible = 0;
			defaultConfigurationName = Release;
		};
		7309840A22232963000D015B /* Build configuration list for PBXNativeTarget "SetTests" */ = {
			isa = XCConfigurationList;
			buildConfigurations = (
				7309840B22232963000D015B /* Debug */,
				7309840C22232963000D015B /* Release */,
			);
			defaultConfigurationIsVisible = 0;
			defaultConfigurationName = Release;
		};
		7309840D22232963000D015B /* Build configuration list for PBXNativeTarget "SetUITests" */ = {
			isa = XCConfigurationList;
			buildConfigurations = (
				7309840E22232963000D015B /* Debug */,
				7309840F22232963000D015B /* Release */,
			);
			defaultConfigurationIsVisible = 0;
			defaultConfigurationName = Release;
		};
/* End XCConfigurationList section */
	};
	rootObject = 730983D722232961000D015B /* Project object */;
}
